
Microsoft Visual Studio Solution File, Format Version 12.00
# Visual Studio Version 17
VisualStudioVersion = 17.1.32421.90
MinimumVisualStudioVersion = 10.0.40219.1
Project("{FAE04EC0-301F-11D3-BF4B-00C04F79EFBC}") = "IntellectMoneyTest", "IntellectMoneyTest\IntellectMoneyTest.csproj", "{B2AE886D-521E-4142-925F-90987A5D5918}"
EndProject
Project("{FAE04EC0-301F-11D3-BF4B-00C04F79EFBC}") = "IntellectMoneyTestNUnitTest", "IntellectMoneyTestNUnitTest\IntellectMoneyTestNUnitTest.csproj", "{A4BDC37F-ABBA-4392-869F-16EB75C47C6F}"
EndProject
Global
	GlobalSection(SolutionConfigurationPlatforms) = preSolution
		Debug|Any CPU = Debug|Any CPU
		Release|Any CPU = Release|Any CPU
	EndGlobalSection
	GlobalSection(ProjectConfigurationPlatforms) = postSolution
		{B2AE886D-521E-4142-925F-90987A5D5918}.Debug|Any CPU.ActiveCfg = Debug|Any CPU
		{B2AE886D-521E-4142-925F-90987A5D5918}.Debug|Any CPU.Build.0 = Debug|Any CPU
		{B2AE886D-521E-4142-925F-90987A5D5918}.Release|Any CPU.ActiveCfg = Release|Any CPU
		{B2AE886D-521E-4142-925F-90987A5D5918}.Release|Any CPU.Build.0 = Release|Any CPU
		{A4BDC37F-ABBA-4392-869F-16EB75C47C6F}.Debug|Any CPU.ActiveCfg = Debug|Any CPU
		{A4BDC37F-ABBA-4392-869F-16EB75C47C6F}.Debug|Any CPU.Build.0 = Debug|Any CPU
		{A4BDC37F-ABBA-4392-869F-16EB75C47C6F}.Release|Any CPU.ActiveCfg = Release|Any CPU
		{A4BDC37F-ABBA-4392-869F-16EB75C47C6F}.Release|Any CPU.Build.0 = Release|Any CPU
	EndGlobalSection
	GlobalSection(SolutionProperties) = preSolution
		HideSolutionNode = FALSE
	EndGlobalSection
	GlobalSection(ExtensibilityGlobals) = postSolution
		SolutionGuid = {38348CBE-FA7D-40E0-9980-7F822C268808}
	EndGlobalSection
EndGlobal
